
Microsoft Visual Studio Solution File, Format Version 12.00
# Visual Studio Version 17
VisualStudioVersion = 17.14.36518.9
MinimumVisualStudioVersion = 10.0.40219.1
Project("{2150E333-8FDC-42A3-9474-1A3956D46DE8}") = "Task0", "Task0", "{02EA681E-C7D8-13C7-8484-4AC65E1B71E8}"
EndProject
Project("{FAE04EC0-301F-11D3-BF4B-00C04F79EFBC}") = "Tyuiu.ReshetovaAA.Sprint6.Task0.V4.Test", "Tyuiu.ReshetovaAA.Sprint6.Task0.V4.Test\Tyuiu.ReshetovaAA.Sprint6.Task0.V4.Test.csproj", "{DD837215-8378-410B-9E3C-FB691BB4A554}"
EndProject
Project("{FAE04EC0-301F-11D3-BF4B-00C04F79EFBC}") = "Tyuiu.ReshetovaAA.Sprint6.Task0.V4.Lib", "Tyuiu.ReshetovaAA.Sprint6.Task0.V4.Lib\Tyuiu.ReshetovaAA.Sprint6.Task0.V4.Lib.csproj", "{93213D3B-28EC-4AF0-B09F-1FD55D731F52}"
EndProject
Project("{FAE04EC0-301F-11D3-BF4B-00C04F79EFBC}") = "Tyuiu.ReshetovaAA.Sprint6.Task0.V4", "Tyuiu.ReshetovaAA.Sprint6.Task0.V4\Tyuiu.ReshetovaAA.Sprint6.Task0.V4.csproj", "{ACB7421A-C9B7-48AA-B5B5-5D82804C5838}"
EndProject
Project("{2150E333-8FDC-42A3-9474-1A3956D46DE8}") = "Task1", "Task1", "{BB1C84EE-1D0D-4FBD-81E4-E76486A81609}"
EndProject
Project("{FAE04EC0-301F-11D3-BF4B-00C04F79EFBC}") = "Tyuiu.ReshetovaAA.Sprint6.Task1.V8", "Tyuiu.ReshetovaAA.Sprint6.Task1.V8\Tyuiu.ReshetovaAA.Sprint6.Task1.V8.csproj", "{90DF5D0B-EEE6-48E9-A4A3-2B9EF0B93F4C}"
EndProject
Project("{FAE04EC0-301F-11D3-BF4B-00C04F79EFBC}") = "Tyuiu.ReshetovaAA.Sprint6.Task1.V8.Lib", "Tyuiu.ReshetovaAA.Sprint6.Task1.V8.Lib\Tyuiu.ReshetovaAA.Sprint6.Task1.V8.Lib.csproj", "{B6AFB5E8-BEE6-4328-B095-8C9F69B1AC4A}"
EndProject
Project("{FAE04EC0-301F-11D3-BF4B-00C04F79EFBC}") = "Tyuiu.ReshetovaAA.Sprint6.Task1.V8.Test", "Tyuiu.ReshetovaAA.Sprint6.Task1.V8.Test\Tyuiu.ReshetovaAA.Sprint6.Task1.V8.Test.csproj", "{91919338-5857-46EA-BBD4-57BB739BFA85}"
EndProject
Project("{2150E333-8FDC-42A3-9474-1A3956D46DE8}") = "Task2", "Task2", "{85BB233F-8A84-4C9A-9F3B-B5F85B5B27E4}"
EndProject
Project("{FAE04EC0-301F-11D3-BF4B-00C04F79EFBC}") = "Tyuiu.ReshetovaAA.Sprint6.Task2.V7", "Tyuiu.ReshetovaAA.Sprint6.Task2.V7\Tyuiu.ReshetovaAA.Sprint6.Task2.V7.csproj", "{2ADF6DD6-63C6-4382-9D7D-1A700F7DA34D}"
EndProject
Project("{FAE04EC0-301F-11D3-BF4B-00C04F79EFBC}") = "Tyuiu.ReshetovaAA.Sprint6.Task2.V7.Lib", "Tyuiu.ReshetovaAA.Sprint6.Task2.V7.Lib\Tyuiu.ReshetovaAA.Sprint6.Task2.V7.Lib.csproj", "{2D373AD1-A5B7-4FF7-854F-8C560314AD37}"
EndProject
Project("{FAE04EC0-301F-11D3-BF4B-00C04F79EFBC}") = "Tyuiu.ReshetovaAA.Sprint6.Task2.V7.Test", "Tyuiu.ReshetovaAA.Sprint6.Task2.V7.Test\Tyuiu.ReshetovaAA.Sprint6.Task2.V7.Test.csproj", "{710D82C0-7C77-4381-A9EF-68B70662D69B}"
EndProject
Project("{2150E333-8FDC-42A3-9474-1A3956D46DE8}") = "Task3", "Task3", "{D9DEEF77-C53E-455B-995D-10475B76B927}"
EndProject
Project("{FAE04EC0-301F-11D3-BF4B-00C04F79EFBC}") = "Tyuiu.ReshetovaAA.Sprint6.Task3.V26.Test", "Tyuiu.ReshetovaAA.Sprint6.Task3.V26.Test\Tyuiu.ReshetovaAA.Sprint6.Task3.V26.Test.csproj", "{C4EB0853-3A8B-48F9-9F5A-F7852E90DA04}"
EndProject
Project("{FAE04EC0-301F-11D3-BF4B-00C04F79EFBC}") = "Tyuiu.ReshetovaAA.Sprint6.Task3.V26.Lib", "Tyuiu.ReshetovaAA.Sprint6.Task3.V26.Lib\Tyuiu.ReshetovaAA.Sprint6.Task3.V26.Lib.csproj", "{CF9EB59F-8C28-4378-A0CE-FD302EF20496}"
EndProject
Project("{FAE04EC0-301F-11D3-BF4B-00C04F79EFBC}") = "Tyuiu.ReshetovaAA.Sprint6.Task3.V26", "Tyuiu.ReshetovaAA.Sprint6.Task3.V26\Tyuiu.ReshetovaAA.Sprint6.Task3.V26.csproj", "{D01BD0E7-B2CB-4D7B-8484-FBDCD7D90CA8}"
EndProject
Project("{2150E333-8FDC-42A3-9474-1A3956D46DE8}") = "Task4", "Task4", "{3EED9511-B58B-4D23-93AB-027F9B106FE9}"
EndProject
Project("{FAE04EC0-301F-11D3-BF4B-00C04F79EFBC}") = "Tyuiu.ReshetovaAA.Sprint6.Task4.V22", "Tyuiu.ReshetovaAA.Sprint6.Task4.V22\Tyuiu.ReshetovaAA.Sprint6.Task4.V22.csproj", "{A657BE2B-F402-4A8B-80AC-194A4E9924CB}"
EndProject
Project("{FAE04EC0-301F-11D3-BF4B-00C04F79EFBC}") = "Tyuiu.ReshetovaAA.Sprint6.Task4.V22.Lib", "Tyuiu.ReshetovaAA.Sprint6.Task4.V22.Lib\Tyuiu.ReshetovaAA.Sprint6.Task4.V22.Lib.csproj", "{7A686A91-DD62-4362-97AD-CE17AAFC3776}"
EndProject
Project("{FAE04EC0-301F-11D3-BF4B-00C04F79EFBC}") = "Tyuiu.ReshetovaAA.Sprint6.Task4.V22.Test", "Tyuiu.ReshetovaAA.Sprint6.Task4.V22.Test\Tyuiu.ReshetovaAA.Sprint6.Task4.V22.Test.csproj", "{D128DAAC-2903-43B9-9A40-AED040E19C01}"
EndProject
Project("{2150E333-8FDC-42A3-9474-1A3956D46DE8}") = "Task5", "Task5", "{5CBB5FE3-9065-4D22-BD0A-B7F1FF04BE56}"
EndProject
Project("{FAE04EC0-301F-11D3-BF4B-00C04F79EFBC}") = "Tyuiu.ReshetovaAA.Sprint6.Task5.V1.Test", "Tyuiu.ReshetovaAA.Sprint6.Task5.V1.Test\Tyuiu.ReshetovaAA.Sprint6.Task5.V1.Test.csproj", "{07CE9C53-A120-498B-B4C6-850197A75D79}"
EndProject
Project("{FAE04EC0-301F-11D3-BF4B-00C04F79EFBC}") = "Tyuiu.ReshetovaAA.Sprint6.Task5.V1.Lib", "Tyuiu.ReshetovaAA.Sprint6.Task5.V1.Lib\Tyuiu.ReshetovaAA.Sprint6.Task5.V1.Lib.csproj", "{1924613A-CF3F-446D-A376-5A8E1E6E903F}"
EndProject
Project("{FAE04EC0-301F-11D3-BF4B-00C04F79EFBC}") = "Tyuiu.ReshetovaAA.Sprint6.Task5.V1", "Tyuiu.ReshetovaAA.Sprint6.Task5.V1\Tyuiu.ReshetovaAA.Sprint6.Task5.V1.csproj", "{02124F1A-5009-41FC-BCB6-A8BE98399114}"
EndProject
Project("{2150E333-8FDC-42A3-9474-1A3956D46DE8}") = "Task6", "Task6", "{B6577B61-5B27-442D-9366-37D46AAD93E8}"
EndProject
Project("{FAE04EC0-301F-11D3-BF4B-00C04F79EFBC}") = "Tyuiu.ReshetovaAA.Sprint6.Task6.V2", "Tyuiu.ReshetovaAA.Sprint6.Task6.V2\Tyuiu.ReshetovaAA.Sprint6.Task6.V2.csproj", "{6E5E877F-882E-4E65-A036-531FF3BA2A78}"
EndProject
Project("{FAE04EC0-301F-11D3-BF4B-00C04F79EFBC}") = "Tyuiu.ReshetovaAA.Sprint6.Task6.V2.Lib", "Tyuiu.ReshetovaAA.Sprint6.Task6.V2.Lib\Tyuiu.ReshetovaAA.Sprint6.Task6.V2.Lib.csproj", "{56F2732B-4A53-4A5F-A22F-7CA5627228EC}"
EndProject
Project("{FAE04EC0-301F-11D3-BF4B-00C04F79EFBC}") = "Tyuiu.ReshetovaAA.Sprint6.Task6.V2.Test", "Tyuiu.ReshetovaAA.Sprint6.Task6.V2.Test\Tyuiu.ReshetovaAA.Sprint6.Task6.V2.Test.csproj", "{24F0229E-52D1-4A91-8E0C-8168A1794D90}"
EndProject
Project("{2150E333-8FDC-42A3-9474-1A3956D46DE8}") = "Task7", "Task7", "{F987F9AF-A0C6-4EA6-9D4D-AAF84F125F0A}"
EndProject
Project("{FAE04EC0-301F-11D3-BF4B-00C04F79EFBC}") = "Tyuiu.ReshetovaAA.Sprint6.Task7.V23", "Tyuiu.ReshetovaAA.Sprint6.Task7.V23\Tyuiu.ReshetovaAA.Sprint6.Task7.V23.csproj", "{8CCD035C-697E-452D-ADBA-44615776CAF5}"
EndProject
Project("{FAE04EC0-301F-11D3-BF4B-00C04F79EFBC}") = "Tyuiu.ReshetovaAA.Sprint6.Task7.V23.Test", "Tyuiu.ReshetovaAA.Sprint6.Task7.V23.Test\Tyuiu.ReshetovaAA.Sprint6.Task7.V23.Test.csproj", "{847A43B2-2F55-4453-9D93-FD8E7A102B22}"
EndProject
Project("{FAE04EC0-301F-11D3-BF4B-00C04F79EFBC}") = "Tyuiu.ReshetovaAA.Sprint6.Task7.V23.Lib", "Tyuiu.ReshetovaAA.Sprint6.Task7.V23.Lib\Tyuiu.ReshetovaAA.Sprint6.Task7.V23.Lib.csproj", "{66146531-A9B5-4646-98CF-B343B7E8BC54}"
EndProject
Global
	GlobalSection(SolutionConfigurationPlatforms) = preSolution
		Debug|Any CPU = Debug|Any CPU
		Release|Any CPU = Release|Any CPU
	EndGlobalSection
	GlobalSection(ProjectConfigurationPlatforms) = postSolution
		{DD837215-8378-410B-9E3C-FB691BB4A554}.Debug|Any CPU.ActiveCfg = Debug|Any CPU
		{DD837215-8378-410B-9E3C-FB691BB4A554}.Debug|Any CPU.Build.0 = Debug|Any CPU
		{DD837215-8378-410B-9E3C-FB691BB4A554}.Release|Any CPU.ActiveCfg = Release|Any CPU
		{DD837215-8378-410B-9E3C-FB691BB4A554}.Release|Any CPU.Build.0 = Release|Any CPU
		{93213D3B-28EC-4AF0-B09F-1FD55D731F52}.Debug|Any CPU.ActiveCfg = Debug|Any CPU
		{93213D3B-28EC-4AF0-B09F-1FD55D731F52}.Debug|Any CPU.Build.0 = Debug|Any CPU
		{93213D3B-28EC-4AF0-B09F-1FD55D731F52}.Release|Any CPU.ActiveCfg = Release|Any CPU
		{93213D3B-28EC-4AF0-B09F-1FD55D731F52}.Release|Any CPU.Build.0 = Release|Any CPU
		{ACB7421A-C9B7-48AA-B5B5-5D82804C5838}.Debug|Any CPU.ActiveCfg = Debug|Any CPU
		{ACB7421A-C9B7-48AA-B5B5-5D82804C5838}.Debug|Any CPU.Build.0 = Debug|Any CPU
		{ACB7421A-C9B7-48AA-B5B5-5D82804C5838}.Release|Any CPU.ActiveCfg = Release|Any CPU
		{ACB7421A-C9B7-48AA-B5B5-5D82804C5838}.Release|Any CPU.Build.0 = Release|Any CPU
		{90DF5D0B-EEE6-48E9-A4A3-2B9EF0B93F4C}.Debug|Any CPU.ActiveCfg = Debug|Any CPU
		{90DF5D0B-EEE6-48E9-A4A3-2B9EF0B93F4C}.Debug|Any CPU.Build.0 = Debug|Any CPU
		{90DF5D0B-EEE6-48E9-A4A3-2B9EF0B93F4C}.Release|Any CPU.ActiveCfg = Release|Any CPU
		{90DF5D0B-EEE6-48E9-A4A3-2B9EF0B93F4C}.Release|Any CPU.Build.0 = Release|Any CPU
		{B6AFB5E8-BEE6-4328-B095-8C9F69B1AC4A}.Debug|Any CPU.ActiveCfg = Debug|Any CPU
		{B6AFB5E8-BEE6-4328-B095-8C9F69B1AC4A}.Debug|Any CPU.Build.0 = Debug|Any CPU
		{B6AFB5E8-BEE6-4328-B095-8C9F69B1AC4A}.Release|Any CPU.ActiveCfg = Release|Any CPU
		{B6AFB5E8-BEE6-4328-B095-8C9F69B1AC4A}.Release|Any CPU.Build.0 = Release|Any CPU
		{91919338-5857-46EA-BBD4-57BB739BFA85}.Debug|Any CPU.ActiveCfg = Debug|Any CPU
		{91919338-5857-46EA-BBD4-57BB739BFA85}.Debug|Any CPU.Build.0 = Debug|Any CPU
		{91919338-5857-46EA-BBD4-57BB739BFA85}.Release|Any CPU.ActiveCfg = Release|Any CPU
		{91919338-5857-46EA-BBD4-57BB739BFA85}.Release|Any CPU.Build.0 = Release|Any CPU
		{2ADF6DD6-63C6-4382-9D7D-1A700F7DA34D}.Debug|Any CPU.ActiveCfg = Debug|Any CPU
		{2ADF6DD6-63C6-4382-9D7D-1A700F7DA34D}.Debug|Any CPU.Build.0 = Debug|Any CPU
		{2ADF6DD6-63C6-4382-9D7D-1A700F7DA34D}.Release|Any CPU.ActiveCfg = Release|Any CPU
		{2ADF6DD6-63C6-4382-9D7D-1A700F7DA34D}.Release|Any CPU.Build.0 = Release|Any CPU
		{2D373AD1-A5B7-4FF7-854F-8C560314AD37}.Debug|Any CPU.ActiveCfg = Debug|Any CPU
		{2D373AD1-A5B7-4FF7-854F-8C560314AD37}.Debug|Any CPU.Build.0 = Debug|Any CPU
		{2D373AD1-A5B7-4FF7-854F-8C560314AD37}.Release|Any CPU.ActiveCfg = Release|Any CPU
		{2D373AD1-A5B7-4FF7-854F-8C560314AD37}.Release|Any CPU.Build.0 = Release|Any CPU
		{710D82C0-7C77-4381-A9EF-68B70662D69B}.Debug|Any CPU.ActiveCfg = Debug|Any CPU
		{710D82C0-7C77-4381-A9EF-68B70662D69B}.Debug|Any CPU.Build.0 = Debug|Any CPU
		{710D82C0-7C77-4381-A9EF-68B70662D69B}.Release|Any CPU.ActiveCfg = Release|Any CPU
		{710D82C0-7C77-4381-A9EF-68B70662D69B}.Release|Any CPU.Build.0 = Release|Any CPU
		{C4EB0853-3A8B-48F9-9F5A-F7852E90DA04}.Debug|Any CPU.ActiveCfg = Debug|Any CPU
		{C4EB0853-3A8B-48F9-9F5A-F7852E90DA04}.Debug|Any CPU.Build.0 = Debug|Any CPU
		{C4EB0853-3A8B-48F9-9F5A-F7852E90DA04}.Release|Any CPU.ActiveCfg = Release|Any CPU
		{C4EB0853-3A8B-48F9-9F5A-F7852E90DA04}.Release|Any CPU.Build.0 = Release|Any CPU
		{CF9EB59F-8C28-4378-A0CE-FD302EF20496}.Debug|Any CPU.ActiveCfg = Debug|Any CPU
		{CF9EB59F-8C28-4378-A0CE-FD302EF20496}.Debug|Any CPU.Build.0 = Debug|Any CPU
		{CF9EB59F-8C28-4378-A0CE-FD302EF20496}.Release|Any CPU.ActiveCfg = Release|Any CPU
		{CF9EB59F-8C28-4378-A0CE-FD302EF20496}.Release|Any CPU.Build.0 = Release|Any CPU
		{D01BD0E7-B2CB-4D7B-8484-FBDCD7D90CA8}.Debug|Any CPU.ActiveCfg = Debug|Any CPU
		{D01BD0E7-B2CB-4D7B-8484-FBDCD7D90CA8}.Debug|Any CPU.Build.0 = Debug|Any CPU
		{D01BD0E7-B2CB-4D7B-8484-FBDCD7D90CA8}.Release|Any CPU.ActiveCfg = Release|Any CPU
		{D01BD0E7-B2CB-4D7B-8484-FBDCD7D90CA8}.Release|Any CPU.Build.0 = Release|Any CPU
		{A657BE2B-F402-4A8B-80AC-194A4E9924CB}.Debug|Any CPU.ActiveCfg = Debug|Any CPU
		{A657BE2B-F402-4A8B-80AC-194A4E9924CB}.Debug|Any CPU.Build.0 = Debug|Any CPU
		{A657BE2B-F402-4A8B-80AC-194A4E9924CB}.Release|Any CPU.ActiveCfg = Release|Any CPU
		{A657BE2B-F402-4A8B-80AC-194A4E9924CB}.Release|Any CPU.Build.0 = Release|Any CPU
		{7A686A91-DD62-4362-97AD-CE17AAFC3776}.Debug|Any CPU.ActiveCfg = Debug|Any CPU
		{7A686A91-DD62-4362-97AD-CE17AAFC3776}.Debug|Any CPU.Build.0 = Debug|Any CPU
		{7A686A91-DD62-4362-97AD-CE17AAFC3776}.Release|Any CPU.ActiveCfg = Release|Any CPU
		{7A686A91-DD62-4362-97AD-CE17AAFC3776}.Release|Any CPU.Build.0 = Release|Any CPU
		{D128DAAC-2903-43B9-9A40-AED040E19C01}.Debug|Any CPU.ActiveCfg = Debug|Any CPU
		{D128DAAC-2903-43B9-9A40-AED040E19C01}.Debug|Any CPU.Build.0 = Debug|Any CPU
		{D128DAAC-2903-43B9-9A40-AED040E19C01}.Release|Any CPU.ActiveCfg = Release|Any CPU
		{D128DAAC-2903-43B9-9A40-AED040E19C01}.Release|Any CPU.Build.0 = Release|Any CPU
		{07CE9C53-A120-498B-B4C6-850197A75D79}.Debug|Any CPU.ActiveCfg = Debug|Any CPU
		{07CE9C53-A120-498B-B4C6-850197A75D79}.Debug|Any CPU.Build.0 = Debug|Any CPU
		{07CE9C53-A120-498B-B4C6-850197A75D79}.Release|Any CPU.ActiveCfg = Release|Any CPU
		{07CE9C53-A120-498B-B4C6-850197A75D79}.Release|Any CPU.Build.0 = Release|Any CPU
		{1924613A-CF3F-446D-A376-5A8E1E6E903F}.Debug|Any CPU.ActiveCfg = Debug|Any CPU
		{1924613A-CF3F-446D-A376-5A8E1E6E903F}.Debug|Any CPU.Build.0 = Debug|Any CPU
		{1924613A-CF3F-446D-A376-5A8E1E6E903F}.Release|Any CPU.ActiveCfg = Release|Any CPU
		{1924613A-CF3F-446D-A376-5A8E1E6E903F}.Release|Any CPU.Build.0 = Release|Any CPU
		{02124F1A-5009-41FC-BCB6-A8BE98399114}.Debug|Any CPU.ActiveCfg = Debug|Any CPU
		{02124F1A-5009-41FC-BCB6-A8BE98399114}.Debug|Any CPU.Build.0 = Debug|Any CPU
		{02124F1A-5009-41FC-BCB6-A8BE98399114}.Release|Any CPU.ActiveCfg = Release|Any CPU
		{02124F1A-5009-41FC-BCB6-A8BE98399114}.Release|Any CPU.Build.0 = Release|Any CPU
		{6E5E877F-882E-4E65-A036-531FF3BA2A78}.Debug|Any CPU.ActiveCfg = Debug|Any CPU
		{6E5E877F-882E-4E65-A036-531FF3BA2A78}.Debug|Any CPU.Build.0 = Debug|Any CPU
		{6E5E877F-882E-4E65-A036-531FF3BA2A78}.Release|Any CPU.ActiveCfg = Release|Any CPU
		{6E5E877F-882E-4E65-A036-531FF3BA2A78}.Release|Any CPU.Build.0 = Release|Any CPU
		{56F2732B-4A53-4A5F-A22F-7CA5627228EC}.Debug|Any CPU.ActiveCfg = Debug|Any CPU
		{56F2732B-4A53-4A5F-A22F-7CA5627228EC}.Debug|Any CPU.Build.0 = Debug|Any CPU
		{56F2732B-4A53-4A5F-A22F-7CA5627228EC}.Release|Any CPU.ActiveCfg = Release|Any CPU
		{56F2732B-4A53-4A5F-A22F-7CA5627228EC}.Release|Any CPU.Build.0 = Release|Any CPU
		{24F0229E-52D1-4A91-8E0C-8168A1794D90}.Debug|Any CPU.ActiveCfg = Debug|Any CPU
		{24F0229E-52D1-4A91-8E0C-8168A1794D90}.Debug|Any CPU.Build.0 = Debug|Any CPU
		{24F0229E-52D1-4A91-8E0C-8168A1794D90}.Release|Any CPU.ActiveCfg = Release|Any CPU
		{24F0229E-52D1-4A91-8E0C-8168A1794D90}.Release|Any CPU.Build.0 = Release|Any CPU
		{8CCD035C-697E-452D-ADBA-44615776CAF5}.Debug|Any CPU.ActiveCfg = Debug|Any CPU
		{8CCD035C-697E-452D-ADBA-44615776CAF5}.Debug|Any CPU.Build.0 = Debug|Any CPU
		{8CCD035C-697E-452D-ADBA-44615776CAF5}.Release|Any CPU.ActiveCfg = Release|Any CPU
		{8CCD035C-697E-452D-ADBA-44615776CAF5}.Release|Any CPU.Build.0 = Release|Any CPU
		{847A43B2-2F55-4453-9D93-FD8E7A102B22}.Debug|Any CPU.ActiveCfg = Debug|Any CPU
		{847A43B2-2F55-4453-9D93-FD8E7A102B22}.Debug|Any CPU.Build.0 = Debug|Any CPU
		{847A43B2-2F55-4453-9D93-FD8E7A102B22}.Release|Any CPU.ActiveCfg = Release|Any CPU
		{847A43B2-2F55-4453-9D93-FD8E7A102B22}.Release|Any CPU.Build.0 = Release|Any CPU
		{66146531-A9B5-4646-98CF-B343B7E8BC54}.Debug|Any CPU.ActiveCfg = Debug|Any CPU
		{66146531-A9B5-4646-98CF-B343B7E8BC54}.Debug|Any CPU.Build.0 = Debug|Any CPU
		{66146531-A9B5-4646-98CF-B343B7E8BC54}.Release|Any CPU.ActiveCfg = Release|Any CPU
		{66146531-A9B5-4646-98CF-B343B7E8BC54}.Release|Any CPU.Build.0 = Release|Any CPU
	EndGlobalSection
	GlobalSection(SolutionProperties) = preSolution
		HideSolutionNode = FALSE
	EndGlobalSection
	GlobalSection(NestedProjects) = preSolution
		{DD837215-8378-410B-9E3C-FB691BB4A554} = {02EA681E-C7D8-13C7-8484-4AC65E1B71E8}
		{93213D3B-28EC-4AF0-B09F-1FD55D731F52} = {02EA681E-C7D8-13C7-8484-4AC65E1B71E8}
		{ACB7421A-C9B7-48AA-B5B5-5D82804C5838} = {02EA681E-C7D8-13C7-8484-4AC65E1B71E8}
		{90DF5D0B-EEE6-48E9-A4A3-2B9EF0B93F4C} = {BB1C84EE-1D0D-4FBD-81E4-E76486A81609}
		{B6AFB5E8-BEE6-4328-B095-8C9F69B1AC4A} = {BB1C84EE-1D0D-4FBD-81E4-E76486A81609}
		{91919338-5857-46EA-BBD4-57BB739BFA85} = {BB1C84EE-1D0D-4FBD-81E4-E76486A81609}
		{2ADF6DD6-63C6-4382-9D7D-1A700F7DA34D} = {85BB233F-8A84-4C9A-9F3B-B5F85B5B27E4}
		{2D373AD1-A5B7-4FF7-854F-8C560314AD37} = {85BB233F-8A84-4C9A-9F3B-B5F85B5B27E4}
		{710D82C0-7C77-4381-A9EF-68B70662D69B} = {85BB233F-8A84-4C9A-9F3B-B5F85B5B27E4}
		{C4EB0853-3A8B-48F9-9F5A-F7852E90DA04} = {D9DEEF77-C53E-455B-995D-10475B76B927}
		{CF9EB59F-8C28-4378-A0CE-FD302EF20496} = {D9DEEF77-C53E-455B-995D-10475B76B927}
		{D01BD0E7-B2CB-4D7B-8484-FBDCD7D90CA8} = {D9DEEF77-C53E-455B-995D-10475B76B927}
		{A657BE2B-F402-4A8B-80AC-194A4E9924CB} = {3EED9511-B58B-4D23-93AB-027F9B106FE9}
		{7A686A91-DD62-4362-97AD-CE17AAFC3776} = {3EED9511-B58B-4D23-93AB-027F9B106FE9}
		{D128DAAC-2903-43B9-9A40-AED040E19C01} = {3EED9511-B58B-4D23-93AB-027F9B106FE9}
		{07CE9C53-A120-498B-B4C6-850197A75D79} = {5CBB5FE3-9065-4D22-BD0A-B7F1FF04BE56}
		{1924613A-CF3F-446D-A376-5A8E1E6E903F} = {5CBB5FE3-9065-4D22-BD0A-B7F1FF04BE56}
		{02124F1A-5009-41FC-BCB6-A8BE98399114} = {5CBB5FE3-9065-4D22-BD0A-B7F1FF04BE56}
		{6E5E877F-882E-4E65-A036-531FF3BA2A78} = {B6577B61-5B27-442D-9366-37D46AAD93E8}
		{56F2732B-4A53-4A5F-A22F-7CA5627228EC} = {B6577B61-5B27-442D-9366-37D46AAD93E8}
		{24F0229E-52D1-4A91-8E0C-8168A1794D90} = {B6577B61-5B27-442D-9366-37D46AAD93E8}
		{8CCD035C-697E-452D-ADBA-44615776CAF5} = {F987F9AF-A0C6-4EA6-9D4D-AAF84F125F0A}
		{847A43B2-2F55-4453-9D93-FD8E7A102B22} = {F987F9AF-A0C6-4EA6-9D4D-AAF84F125F0A}
		{66146531-A9B5-4646-98CF-B343B7E8BC54} = {F987F9AF-A0C6-4EA6-9D4D-AAF84F125F0A}
	EndGlobalSection
	GlobalSection(ExtensibilityGlobals) = postSolution
		SolutionGuid = {9689C5CA-E7B5-4F4B-B7B1-8E3B5D54FB0B}
	EndGlobalSection
EndGlobal
